// !$*UTF8*$!
{
	archiveVersion = 1;
	classes = {
	};
	objectVersion = 50;
	objects = {

/* Begin PBXBuildFile section */
		5E0325D5F26115137EE811F8 /* Pods_Bitcoin_Price_Tracker.framework in Frameworks */ = {isa = PBXBuildFile; fileRef = 8EDBAB0CE2BB3C8952E2C5B2 /* Pods_Bitcoin_Price_Tracker.framework */; };
		857422D820F79B1D00FDC363 /* AppDelegate.swift in Sources */ = {isa = PBXBuildFile; fileRef = 857422D720F79B1D00FDC363 /* AppDelegate.swift */; };
		857422DA20F79B1D00FDC363 /* ViewController.swift in Sources */ = {isa = PBXBuildFile; fileRef = 857422D920F79B1D00FDC363 /* ViewController.swift */; };
		857422DD20F79B1D00FDC363 /* Main.storyboard in Resources */ = {isa = PBXBuildFile; fileRef = 857422DB20F79B1D00FDC363 /* Main.storyboard */; };
		857422DF20F79B2200FDC363 /* Assets.xcassets in Resources */ = {isa = PBXBuildFile; fileRef = 857422DE20F79B2200FDC363 /* Assets.xcassets */; };
		857422E220F79B2300FDC363 /* LaunchScreen.storyboard in Resources */ = {isa = PBXBuildFile; fileRef = 857422E020F79B2300FDC363 /* LaunchScreen.storyboard */; };
/* End PBXBuildFile section */

/* Begin PBXFileReference section */
		857422D420F79B1D00FDC363 /* Bitcoin Price Tracker.app */ = {isa = PBXFileReference; explicitFileType = wrapper.application; includeInIndex = 0; path = "Bitcoin Price Tracker.app"; sourceTree = BUILT_PRODUCTS_DIR; };
		857422D720F79B1D00FDC363 /* AppDelegate.swift */ = {isa = PBXFileReference; lastKnownFileType = sourcecode.swift; path = AppDelegate.swift; sourceTree = "<group>"; };
		857422D920F79B1D00FDC363 /* ViewController.swift */ = {isa = PBXFileReference; lastKnownFileType = sourcecode.swift; path = ViewController.swift; sourceTree = "<group>"; };
		857422DC20F79B1D00FDC363 /* Base */ = {isa = PBXFileReference; lastKnownFileType = file.storyboard; name = Base; path = Base.lproj/Main.storyboard; sourceTree = "<group>"; };
		857422DE20F79B2200FDC363 /* Assets.xcassets */ = {isa = PBXFileReference; lastKnownFileType = folder.assetcatalog; path = Assets.xcassets; sourceTree = "<group>"; };
		857422E120F79B2300FDC363 /* Base */ = {isa = PBXFileReference; lastKnownFileType = file.storyboard; name = Base; path = Base.lproj/LaunchScreen.storyboard; sourceTree = "<group>"; };
		857422E320F79B2300FDC363 /* Info.plist */ = {isa = PBXFileReference; lastKnownFileType = text.plist.xml; path = Info.plist; sourceTree = "<group>"; };
		8EDBAB0CE2BB3C8952E2C5B2 /* Pods_Bitcoin_Price_Tracker.framework */ = {isa = PBXFileReference; explicitFileType = wrapper.framework; includeInIndex = 0; path = Pods_Bitcoin_Price_Tracker.framework; sourceTree = BUILT_PRODUCTS_DIR; };
		9785607F92060E918704AD1E /* Pods-Bitcoin Price Tracker.debug.xcconfig */ = {isa = PBXFileReference; includeInIndex = 1; lastKnownFileType = text.xcconfig; name = "Pods-Bitcoin Price Tracker.debug.xcconfig"; path = "Pods/Target Support Files/Pods-Bitcoin Price Tracker/Pods-Bitcoin Price Tracker.debug.xcconfig"; sourceTree = "<group>"; };
		C227A7CBF92A2A33E742069B /* Pods-Bitcoin Price Tracker.release.xcconfig */ = {isa = PBXFileReference; includeInIndex = 1; lastKnownFileType = text.xcconfig; name = "Pods-Bitcoin Price Tracker.release.xcconfig"; path = "Pods/Target Support Files/Pods-Bitcoin Price Tracker/Pods-Bitcoin Price Tracker.release.xcconfig"; sourceTree = "<group>"; };
/* End PBXFileReference section */

/* Begin PBXFrameworksBuildPhase section */
		857422D120F79B1D00FDC363 /* Frameworks */ = {
			isa = PBXFrameworksBuildPhase;
			buildActionMask = 2147483647;
			files = (
				5E0325D5F26115137EE811F8 /* Pods_Bitcoin_Price_Tracker.framework in Frameworks */,
			);
			runOnlyForDeploymentPostprocessing = 0;
		};
/* End PBXFrameworksBuildPhase section */

/* Begin PBXGroup section */
		511DF8AAE43D20E751240A50 /* Pods */ = {
			isa = PBXGroup;
			children = (
				9785607F92060E918704AD1E /* Pods-Bitcoin Price Tracker.debug.xcconfig */,
				C227A7CBF92A2A33E742069B /* Pods-Bitcoin Price Tracker.release.xcconfig */,
			);
			name = Pods;
			sourceTree = "<group>";
		};
		857422CB20F79B1D00FDC363 = {
			isa = PBXGroup;
			children = (
				857422D620F79B1D00FDC363 /* Bitcoin Price Tracker */,
				857422D520F79B1D00FDC363 /* Products */,
				511DF8AAE43D20E751240A50 /* Pods */,
				ACBE40A220685D5B944C5A3B /* Frameworks */,
			);
			sourceTree = "<group>";
		};
		857422D520F79B1D00FDC363 /* Products */ = {
			isa = PBXGroup;
			children = (
				857422D420F79B1D00FDC363 /* Bitcoin Price Tracker.app */,
			);
			name = Products;
			sourceTree = "<group>";
		};
		857422D620F79B1D00FDC363 /* Bitcoin Price Tracker */ = {
			isa = PBXGroup;
			children = (
				857422D720F79B1D00FDC363 /* AppDelegate.swift */,
				857422D920F79B1D00FDC363 /* ViewController.swift */,
				857422DB20F79B1D00FDC363 /* Main.storyboard */,
				857422DE20F79B2200FDC363 /* Assets.xcassets */,
				857422E020F79B2300FDC363 /* LaunchScreen.storyboard */,
				857422E320F79B2300FDC363 /* Info.plist */,
			);
			path = "Bitcoin Price Tracker";
			sourceTree = "<group>";
		};
		ACBE40A220685D5B944C5A3B /* Frameworks */ = {
			isa = PBXGroup;
			children = (
				8EDBAB0CE2BB3C8952E2C5B2 /* Pods_Bitcoin_Price_Tracker.framework */,
			);
			name = Frameworks;
			sourceTree = "<group>";
		};
/* End PBXGroup section */

/* Begin PBXNativeTarget section */
		857422D320F79B1D00FDC363 /* Bitcoin Price Tracker */ = {
			isa = PBXNativeTarget;
			buildConfigurationList = 857422E620F79B2300FDC363 /* Build configuration list for PBXNativeTarget "Bitcoin Price Tracker" */;
			buildPhases = (
				6425039F58ABD29E4F5E3DDF /* [CP] Check Pods Manifest.lock */,
				857422D020F79B1D00FDC363 /* Sources */,
				857422D120F79B1D00FDC363 /* Frameworks */,
				857422D220F79B1D00FDC363 /* Resources */,
				0CF0251CDD78DF0EE580A46D /* [CP] Embed Pods Frameworks */,
			);
			buildRules = (
			);
			dependencies = (
			);
			name = "Bitcoin Price Tracker";
			productName = "Bitcoin Price Tracker";
			productReference = 857422D420F79B1D00FDC363 /* Bitcoin Price Tracker.app */;
			productType = "com.apple.product-type.application";
		};
/* End PBXNativeTarget section */

/* Begin PBXProject section */
		857422CC20F79B1D00FDC363 /* Project object */ = {
			isa = PBXProject;
			attributes = {
				LastSwiftUpdateCheck = 0940;
				LastUpgradeCheck = 0940;
				ORGANIZATIONNAME = "Vaibhav Nandam";
				TargetAttributes = {
					857422D320F79B1D00FDC363 = {
						CreatedOnToolsVersion = 9.4.1;
					};
				};
			};
			buildConfigurationList = 857422CF20F79B1D00FDC363 /* Build configuration list for PBXProject "Bitcoin Price Tracker" */;
			compatibilityVersion = "Xcode 9.3";
			developmentRegion = en;
			hasScannedForEncodings = 0;
			knownRegions = (
				en,
				Base,
			);
			mainGroup = 857422CB20F79B1D00FDC363;
			productRefGroup = 857422D520F79B1D00FDC363 /* Products */;
			projectDirPath = "";
			projectRoot = "";
			targets = (
				857422D320F79B1D00FDC363 /* Bitcoin Price Tracker */,
			);
		};
/* End PBXProject section */

/* Begin PBXResourcesBuildPhase section */
		857422D220F79B1D00FDC363 /* Resources */ = {
			isa = PBXResourcesBuildPhase;
			buildActionMask = 2147483647;
			files = (
				857422E220F79B2300FDC363 /* LaunchScreen.storyboard in Resources */,
				857422DF20F79B2200FDC363 /* Assets.xcassets in Resources */,
				857422DD20F79B1D00FDC363 /* Main.storyboard in Resources */,
			);
			runOnlyForDeploymentPostprocessing = 0;
		};
/* End PBXResourcesBuildPhase section */

/* Begin PBXShellScriptBuildPhase section */
		0CF0251CDD78DF0EE580A46D /* [CP] Embed Pods Frameworks */ = {
			isa = PBXShellScriptBuildPhase;
			buildActionMask = 2147483647;
			files = (
			);
			inputPaths = (
				"${SRCROOT}/Pods/Target Support Files/Pods-Bitcoin Price Tracker/Pods-Bitcoin Price Tracker-frameworks.sh",
				"${BUILT_PRODUCTS_DIR}/Alamofire/Alamofire.framework",
				"${BUILT_PRODUCTS_DIR}/SwiftyJSON/SwiftyJSON.framework",
			);
			name = "[CP] Embed Pods Frameworks";
			outputPaths = (
				"${TARGET_BUILD_DIR}/${FRAMEWORKS_FOLDER_PATH}/Alamofire.framework",
				"${TARGET_BUILD_DIR}/${FRAMEWORKS_FOLDER_PATH}/SwiftyJSON.framework",
			);
			runOnlyForDeploymentPostprocessing = 0;
			shellPath = /bin/sh;
			shellScript = "\"${SRCROOT}/Pods/Target Support Files/Pods-Bitcoin Price Tracker/Pods-Bitcoin Price Tracker-frameworks.sh\"\n";
			showEnvVarsInLog = 0;
		};
		6425039F58ABD29E4F5E3DDF /* [CP] Check Pods Manifest.lock */ = {
			isa = PBXShellScriptBuildPhase;
			buildActionMask = 2147483647;
			files = (
			);
			inputPaths = (
				"${PODS_PODFILE_DIR_PATH}/Podfile.lock",
				"${PODS_ROOT}/Manifest.lock",
			);
			name = "[CP] Check Pods Manifest.lock";
			outputPaths = (
				"$(DERIVED_FILE_DIR)/Pods-Bitcoin Price Tracker-checkManifestLockResult.txt",
			);
			runOnlyForDeploymentPostprocessing = 0;
			shellPath = /bin/sh;
			shellScript = "diff \"${PODS_PODFILE_DIR_PATH}/Podfile.lock\" \"${PODS_ROOT}/Manifest.lock\" > /dev/null\nif [ $? != 0 ] ; then\n    # print error to STDERR\n    echo \"error: The sandbox is not in sync with the Podfile.lock. Run 'pod install' or update your CocoaPods installation.\" >&2\n    exit 1\nfi\n# This output is used by Xcode 'outputs' to avoid re-running this script phase.\necho \"SUCCESS\" > \"${SCRIPT_OUTPUT_FILE_0}\"\n";
			showEnvVarsInLog = 0;
		};
/* End PBXShellScriptBuildPhase section */

/* Begin PBXSourcesBuildPhase section */
		857422D020F79B1D00FDC363 /* Sources */ = {
			isa = PBXSourcesBuildPhase;
			buildActionMask = 2147483647;
			files = (
				857422DA20F79B1D00FDC363 /* ViewController.swift in Sources */,
				857422D820F79B1D00FDC363 /* AppDelegate.swift in Sources */,
			);
			runOnlyForDeploymentPostprocessing = 0;
		};
/* End PBXSourcesBuildPhase section */

/* Begin PBXVariantGroup section */
		857422DB20F79B1D00FDC363 /* Main.storyboard */ = {
			isa = PBXVariantGroup;
			children = (
				857422DC20F79B1D00FDC363 /* Base */,
			);
			name = Main.storyboard;
			sourceTree = "<group>";
		};
		857422E020F79B2300FDC363 /* LaunchScreen.storyboard */ = {
			isa = PBXVariantGroup;
			children = (
				857422E120F79B2300FDC363 /* Base */,
			);
			name = LaunchScreen.storyboard;
			sourceTree = "<group>";
		};
/* End PBXVariantGroup section */

/* Begin XCBuildConfiguration section */
		857422E420F79B2300FDC363 /* Debug */ = {
			isa = XCBuildConfiguration;
			buildSettings = {
				ALWAYS_SEARCH_USER_PATHS = NO;
				CLANG_ANALYZER_NONNULL = YES;
				CLANG_ANALYZER_NUMBER_OBJECT_CONVERSION = YES_AGGRESSIVE;
				CLANG_CXX_LANGUAGE_STANDARD = "gnu++14";
				CLANG_CXX_LIBRARY = "libc++";
				CLANG_ENABLE_MODULES = YES;
				CLANG_ENABLE_OBJC_ARC = YES;
				CLANG_ENABLE_OBJC_WEAK = YES;
				CLANG_WARN_BLOCK_CAPTURE_AUTORELEASING = YES;
				CLANG_WARN_BOOL_CONVERSION = YES;
				CLANG_WARN_COMMA = YES;
				CLANG_WARN_CONSTANT_CONVERSION = YES;
				CLANG_WARN_DEPRECATED_OBJC_IMPLEMENTATIONS = YES;
				CLANG_WARN_DIRECT_OBJC_ISA_USAGE = YES_ERROR;
				CLANG_WARN_DOCUMENTATION_COMMENTS = YES;
				CLANG_WARN_EMPTY_BODY = YES;
				CLANG_WARN_ENUM_CONVERSION = YES;
				CLANG_WARN_INFINITE_RECURSION = YES;
				CLANG_WARN_INT_CONVERSION = YES;
				CLANG_WARN_NON_LITERAL_NULL_CONVERSION = YES;
				CLANG_WARN_OBJC_IMPLICIT_RETAIN_SELF = YES;
				CLANG_WARN_OBJC_LITERAL_CONVERSION = YES;
				CLANG_WARN_OBJC_ROOT_CLASS = YES_ERROR;
				CLANG_WARN_RANGE_LOOP_ANALYSIS = YES;
				CLANG_WARN_STRICT_PROTOTYPES = YES;
				CLANG_WARN_SUSPICIOUS_MOVE = YES;
				CLANG_WARN_UNGUARDED_AVAILABILITY = YES_AGGRESSIVE;
				CLANG_WARN_UNREACHABLE_CODE = YES;
				CLANG_WARN__DUPLICATE_METHOD_MATCH = YES;
				CODE_SIGN_IDENTITY = "iPhone Developer";
				COPY_PHASE_STRIP = NO;
				DEBUG_INFORMATION_FORMAT = dwarf;
				ENABLE_STRICT_OBJC_MSGSEND = YES;
				ENABLE_TESTABILITY = YES;
				GCC_C_LANGUAGE_STANDARD = gnu11;
				GCC_DYNAMIC_NO_PIC = NO;
				GCC_NO_COMMON_BLOCKS = YES;
				GCC_OPTIMIZATION_LEVEL = 0;
				GCC_PREPROCESSOR_DEFINITIONS = (
					"DEBUG=1",
					"$(inherited)",
				);
				GCC_WARN_64_TO_32_BIT_CONVERSION = YES;
				GCC_WARN_ABOUT_RETURN_TYPE = YES_ERROR;
				GCC_WARN_UNDECLARED_SELECTOR = YES;
				GCC_WARN_UNINITIALIZED_AUTOS = YES_AGGRESSIVE;
				GCC_WARN_UNUSED_FUNCTION = YES;
				GCC_WARN_UNUSED_VARIABLE = YES;
				IPHONEOS_DEPLOYMENT_TARGET = 11.4;
				MTL_ENABLE_DEBUG_INFO = YES;
				ONLY_ACTIVE_ARCH = YES;
				SDKROOT = iphoneos;
				SWIFT_ACTIVE_COMPILATION_CONDITIONS = DEBUG;
				SWIFT_OPTIMIZATION_LEVEL = "-Onone";
			};
			name = Debug;
		};
		857422E520F79B2300FDC363 /* Release */ = {
			isa = XCBuildConfiguration;
			buildSettings = {
				ALWAYS_SEARCH_USER_PATHS = NO;
				CLANG_ANALYZER_NONNULL = YES;
				CLANG_ANALYZER_NUMBER_OBJECT_CONVERSION = YES_AGGRESSIVE;
				CLANG_CXX_LANGUAGE_STANDARD = "gnu++14";
				CLANG_CXX_LIBRARY = "libc++";
				CLANG_ENABLE_MODULES = YES;
				CLANG_ENABLE_OBJC_ARC = YES;
				CLANG_ENABLE_OBJC_WEAK = YES;
				CLANG_WARN_BLOCK_CAPTURE_AUTORELEASING = YES;
				CLANG_WARN_BOOL_CONVERSION = YES;
				CLANG_WARN_COMMA = YES;
				CLANG_WARN_CONSTANT_CONVERSION = YES;
				CLANG_WARN_DEPRECATED_OBJC_IMPLEMENTATIONS = YES;
				CLANG_WARN_DIRECT_OBJC_ISA_USAGE = YES_ERROR;
				CLANG_WARN_DOCUMENTATION_COMMENTS = YES;
				CLANG_WARN_EMPTY_BODY = YES;
				CLANG_WARN_ENUM_CONVERSION = YES;
				CLANG_WARN_INFINITE_RECURSION = YES;
				CLANG_WARN_INT_CONVERSION = YES;
				CLANG_WARN_NON_LITERAL_NULL_CONVERSION = YES;
				CLANG_WARN_OBJC_IMPLICIT_RETAIN_SELF = YES;
				CLANG_WARN_OBJC_LITERAL_CONVERSION = YES;
				CLANG_WARN_OBJC_ROOT_CLASS = YES_ERROR;
				CLANG_WARN_RANGE_LOOP_ANALYSIS = YES;
				CLANG_WARN_STRICT_PROTOTYPES = YES;
				CLANG_WARN_SUSPICIOUS_MOVE = YES;
				CLANG_WARN_UNGUARDED_AVAILABILITY = YES_AGGRESSIVE;
				CLANG_WARN_UNREACHABLE_CODE = YES;
				CLANG_WARN__DUPLICATE_METHOD_MATCH = YES;
				CODE_SIGN_IDENTITY = "iPhone Developer";
				COPY_PHASE_STRIP = NO;
				DEBUG_INFORMATION_FORMAT = "dwarf-with-dsym";
				ENABLE_NS_ASSERTIONS = NO;
				ENABLE_STRICT_OBJC_MSGSEND = YES;
				GCC_C_LANGUAGE_STANDARD = gnu11;
				GCC_NO_COMMON_BLOCKS = YES;
				GCC_WARN_64_TO_32_BIT_CONVERSION = YES;
				GCC_WARN_ABOUT_RETURN_TYPE = YES_ERROR;
				GCC_WARN_UNDECLARED_SELECTOR = YES;
				GCC_WARN_UNINITIALIZED_AUTOS = YES_AGGRESSIVE;
				GCC_WARN_UNUSED_FUNCTION = YES;
				GCC_WARN_UNUSED_VARIABLE = YES;
				IPHONEOS_DEPLOYMENT_TARGET = 11.4;
				MTL_ENABLE_DEBUG_INFO = NO;
				SDKROOT = iphoneos;
				SWIFT_COMPILATION_MODE = wholemodule;
				SWIFT_OPTIMIZATION_LEVEL = "-O";
				VALIDATE_PRODUCT = YES;
			};
			name = Release;
		};
		857422E720F79B2300FDC363 /* Debug */ = {
			isa = XCBuildConfiguration;
			baseConfigurationReference = 9785607F92060E918704AD1E /* Pods-Bitcoin Price Tracker.debug.xcconfig */;
			buildSettings = {
				ASSETCATALOG_COMPILER_APPICON_NAME = AppIcon;
				CODE_SIGN_STYLE = Automatic;
				DEVELOPMENT_TEAM = ZKY7P4M3BJ;
				INFOPLIST_FILE = "Bitcoin Price Tracker/Info.plist";
				LD_RUNPATH_SEARCH_PATHS = "$(inherited) @executable_path/Frameworks";
				PRODUCT_BUNDLE_IDENTIFIER = "com.nandam.Bitcoin-Price-Tracker";
				PRODUCT_NAME = "$(TARGET_NAME)";
				SWIFT_VERSION = 4.0;
				TARGETED_DEVICE_FAMILY = 1;
			};
			name = Debug;
		};
		857422E820F79B2300FDC363 /* Release */ = {
			isa = XCBuildConfiguration;
			baseConfigurationReference = C227A7CBF92A2A33E742069B /* Pods-Bitcoin Price Tracker.release.xcconfig */;
			buildSettings = {
				ASSETCATALOG_COMPILER_APPICON_NAME = AppIcon;
				CODE_SIGN_STYLE = Automatic;
				DEVELOPMENT_TEAM = ZKY7P4M3BJ;
				INFOPLIST_FILE = "Bitcoin Price Tracker/Info.plist";
				LD_RUNPATH_SEARCH_PATHS = "$(inherited) @executable_path/Frameworks";
				PRODUCT_BUNDLE_IDENTIFIER = "com.nandam.Bitcoin-Price-Tracker";
				PRODUCT_NAME = "$(TARGET_NAME)";
				SWIFT_VERSION = 4.0;
				TARGETED_DEVICE_FAMILY = 1;
			};
			name = Release;
		};
/* End XCBuildConfiguration section */

/* Begin XCConfigurationList section */
		857422CF20F79B1D00FDC363 /* Build configuration list for PBXProject "Bitcoin Price Tracker" */ = {
			isa = XCConfigurationList;
			buildConfigurations = (
				857422E420F79B2300FDC363 /* Debug */,
				857422E520F79B2300FDC363 /* Release */,
			);
			defaultConfigurationIsVisible = 0;
			defaultConfigurationName = Release;
		};
		857422E620F79B2300FDC363 /* Build configuration list for PBXNativeTarget "Bitcoin Price Tracker" */ = {
			isa = XCConfigurationList;
			buildConfigurations = (
				857422E720F79B2300FDC363 /* Debug */,
				857422E820F79B2300FDC363 /* Release */,
			);
			defaultConfigurationIsVisible = 0;
			defaultConfigurationName = Release;
		};
/* End XCConfigurationList section */
	};
	rootObject = 857422CC20F79B1D00FDC363 /* Project object */;
}
